{
  "version": 4,
  "terraform_version": "1.3.6",
  "serial": 11,
  "lineage": "6ff984f1-18ae-3274-d638-8d8a72fae18e",
  "outputs": {},
  "resources": [
    {
      "mode": "managed",
      "type": "aws_instance",
      "name": "ec2_vm",
      "provider": "provider[\"registry.terraform.io/hashicorp/aws\"]",
      "instances": [
        {
          "schema_version": 1,
          "attributes": {
            "ami": "ami-02384a901b5df8024",
            "arn": "arn:aws:ec2:eu-north-1:785859872715:instance/i-0ee53726a97a43743",
            "associate_public_ip_address": true,
            "availability_zone": "eu-north-1c",
            "capacity_reservation_specification": [
              {
                "capacity_reservation_preference": "open",
                "capacity_reservation_target": []
              }
            ],
            "cpu_core_count": 1,
            "cpu_threads_per_core": 2,
            "credit_specification": [
              {
                "cpu_credits": "unlimited"
              }
            ],
            "disable_api_termination": false,
            "ebs_block_device": [],
            "ebs_optimized": false,
            "enclave_options": [
              {
                "enabled": false
              }
            ],
            "ephemeral_block_device": [],
            "get_password_data": false,
            "hibernation": false,
            "host_id": null,
            "iam_instance_profile": "",
            "id": "i-0ee53726a97a43743",
            "instance_initiated_shutdown_behavior": "stop",
            "instance_state": "running",
            "instance_type": "t3.micro",
            "ipv6_address_count": 0,
            "ipv6_addresses": [],
            "key_name": "yanis-arslen-djouadi-key",
            "launch_template": [],
            "metadata_options": [
              {
                "http_endpoint": "enabled",
                "http_put_response_hop_limit": 1,
                "http_tokens": "optional",
                "instance_metadata_tags": "disabled"
              }
            ],
            "monitoring": false,
            "network_interface": [],
            "outpost_arn": "",
            "password_data": "",
            "placement_group": "",
            "placement_partition_number": null,
            "primary_network_interface_id": "eni-0fb83ddc3b71724a9",
            "private_dns": "ip-172-31-1-54.eu-north-1.compute.internal",
            "private_ip": "172.31.1.54",
            "public_dns": "ec2-16-170-222-120.eu-north-1.compute.amazonaws.com",
            "public_ip": "16.170.222.120",
            "root_block_device": [
              {
                "delete_on_termination": true,
                "device_name": "/dev/sda1",
                "encrypted": false,
                "iops": 100,
                "kms_key_id": "",
                "tags": {},
                "throughput": 0,
                "volume_id": "vol-03c53580dbce100a0",
                "volume_size": 10,
                "volume_type": "gp2"
              }
            ],
            "secondary_private_ips": [],
            "security_groups": [
              "terraform-20221206155423278000000001"
            ],
            "source_dest_check": true,
            "subnet_id": "subnet-00ed47956fc3f50d7",
            "tags": {
              "Name": "yanis-arslen.djouadi@etu.u-pec.fr"
            },
            "tags_all": {
              "Name": "yanis-arslen.djouadi@etu.u-pec.fr"
            },
            "tenancy": "default",
            "timeouts": null,
            "user_data": null,
            "user_data_base64": null,
            "volume_tags": null,
            "vpc_security_group_ids": [
              "sg-0b8f28ef24be38b69"
            ]
          },
          "sensitive_attributes": [],
          "private": "eyJlMmJmYjczMC1lY2FhLTExZTYtOGY4OC0zNDM2M2JjN2M0YzAiOnsiY3JlYXRlIjo2MDAwMDAwMDAwMDAsImRlbGV0ZSI6MTIwMDAwMDAwMDAwMCwidXBkYXRlIjo2MDAwMDAwMDAwMDB9LCJzY2hlbWFfdmVyc2lvbiI6IjEifQ==",
          "dependencies": [
            "aws_security_group.default"
          ]
        }
      ]
    },
    {
      "mode": "managed",
      "type": "aws_key_pair",
      "name": "yanis-arslen-djouadi-key",
      "provider": "provider[\"registry.terraform.io/hashicorp/aws\"]",
      "instances": [
        {
          "schema_version": 1,
          "attributes": {
            "arn": "arn:aws:ec2:eu-north-1:785859872715:key-pair/yanis-arslen-djouadi-key",
            "fingerprint": "e8:bd:f8:37:e2:5b:08:f5:ad:0b:3c:3a:80:94:32:9a",
            "id": "yanis-arslen-djouadi-key",
            "key_name": "yanis-arslen-djouadi-key",
            "key_name_prefix": "",
            "key_pair_id": "key-0cf25156af2724dec",
            "public_key": "ssh-rsa AAAAB3NzaC1yc2EAAAADAQABAAABAQCu8v4MHp4rwbRr67q7UEE7+nqRCcLUKPTe9ko3QKQmizjy+rrGqCY0Fyvkuz+nv4l2HqS8v8mN2RUUBG730fqYiuq/ZRoiyW8DbtncODYNw6k7AEkF+LklsZJvXJpomiN8vWOtc3+YaHItb7FPa4Vg64d24TSpyPUeIx9q3kpjPeQ18mWJ72c5LVvQtQ6xq7wYiJH38JdFrsWCdkstcMhZQHzXhxUAC14UQTztk3BfS6Ziu911b0U3WXSzSm/BL3n7Vy7yKFptIb0eJfVJ5rl/G+MxGnQ4y8kAUUHaAgUZtakbOaaLdwnSkRx6hAh2OpuX6eoK5Hr9P5EO2pkTayGB",
            "tags": null,
            "tags_all": {}
          },
          "sensitive_attributes": [],
          "private": "eyJzY2hlbWFfdmVyc2lvbiI6IjEifQ=="
        }
      ]
    },
    {
      "mode": "managed",
      "type": "aws_security_group",
      "name": "default",
      "provider": "provider[\"registry.terraform.io/hashicorp/aws\"]",
      "instances": [
        {
          "schema_version": 1,
          "attributes": {
            "arn": "arn:aws:ec2:eu-north-1:785859872715:security-group/sg-0b8f28ef24be38b69",
            "description": "Managed by Terraform",
            "egress": [
              {
                "cidr_blocks": [
                  "0.0.0.0/0"
                ],
                "description": "",
                "from_port": 0,
                "ipv6_cidr_blocks": [],
                "prefix_list_ids": [],
                "protocol": "-1",
                "security_groups": [],
                "self": false,
                "to_port": 0
              }
            ],
            "id": "sg-0b8f28ef24be38b69",
            "ingress": [
              {
                "cidr_blocks": [
                  "0.0.0.0/0"
                ],
                "description": "",
                "from_port": 22,
                "ipv6_cidr_blocks": [],
                "prefix_list_ids": [],
                "protocol": "tcp",
                "security_groups": [],
                "self": false,
                "to_port": 22
              },
              {
                "cidr_blocks": [
                  "0.0.0.0/0"
                ],
                "description": "",
                "from_port": 80,
                "ipv6_cidr_blocks": [],
                "prefix_list_ids": [],
                "protocol": "tcp",
                "security_groups": [],
                "self": false,
                "to_port": 80
              }
            ],
            "name": "terraform-20221206155423278000000001",
            "name_prefix": "terraform-",
            "owner_id": "785859872715",
            "revoke_rules_on_delete": false,
            "tags": {},
            "tags_all": {},
            "timeouts": null,
            "vpc_id": "vpc-01c83d60b5b91456f"
          },
          "sensitive_attributes": [],
          "private": "eyJlMmJmYjczMC1lY2FhLTExZTYtOGY4OC0zNDM2M2JjN2M0YzAiOnsiY3JlYXRlIjo2MDAwMDAwMDAwMDAsImRlbGV0ZSI6OTAwMDAwMDAwMDAwfSwic2NoZW1hX3ZlcnNpb24iOiIxIn0="
        }
      ]
    }
  ],
  "check_results": null
}
